// !$*UTF8*$!
{
	archiveVersion = 1;
	classes = {
	};
	objectVersion = 50;
	objects = {

/* Begin PBXBuildFile section */
		06044AB36992DE993139615D /* Pods_Parse.framework in Frameworks */ = {isa = PBXBuildFile; fileRef = 3E8CDDC2725107DB6FDE2AE3 /* Pods_Parse.framework */; };
		28D766FFA01326E7D4B03818 /* Pods_ParseUITests.framework in Frameworks */ = {isa = PBXBuildFile; fileRef = F8E07CCBF9541F48E711AE71 /* Pods_ParseUITests.framework */; };
		9A914E838919C0C099126116 /* Pods_ParseTests.framework in Frameworks */ = {isa = PBXBuildFile; fileRef = 179BB8FDEE82249968EFE46F /* Pods_ParseTests.framework */; };
		BBCBD13B212B9C1500CDABC8 /* LoginViewController.swift in Sources */ = {isa = PBXBuildFile; fileRef = BBCBD13A212B9C1500CDABC8 /* LoginViewController.swift */; };
		BBE143D6212B99E600C0A08E /* AppDelegate.swift in Sources */ = {isa = PBXBuildFile; fileRef = BBE143D5212B99E600C0A08E /* AppDelegate.swift */; };
		BBE143DB212B99E600C0A08E /* Main.storyboard in Resources */ = {isa = PBXBuildFile; fileRef = BBE143D9212B99E600C0A08E /* Main.storyboard */; };
		BBE143DD212B99E800C0A08E /* Assets.xcassets in Resources */ = {isa = PBXBuildFile; fileRef = BBE143DC212B99E800C0A08E /* Assets.xcassets */; };
		BBE143E0212B99E800C0A08E /* LaunchScreen.storyboard in Resources */ = {isa = PBXBuildFile; fileRef = BBE143DE212B99E800C0A08E /* LaunchScreen.storyboard */; };
		BBE143EB212B99E800C0A08E /* ParseTests.swift in Sources */ = {isa = PBXBuildFile; fileRef = BBE143EA212B99E800C0A08E /* ParseTests.swift */; };
		BBE143F6212B99E800C0A08E /* ParseUITests.swift in Sources */ = {isa = PBXBuildFile; fileRef = BBE143F5212B99E800C0A08E /* ParseUITests.swift */; };
/* End PBXBuildFile section */

/* Begin PBXContainerItemProxy section */
		BBE143E7212B99E800C0A08E /* PBXContainerItemProxy */ = {
			isa = PBXContainerItemProxy;
			containerPortal = BBE143CA212B99E600C0A08E /* Project object */;
			proxyType = 1;
			remoteGlobalIDString = BBE143D1212B99E600C0A08E;
			remoteInfo = Parse;
		};
		BBE143F2212B99E800C0A08E /* PBXContainerItemProxy */ = {
			isa = PBXContainerItemProxy;
			containerPortal = BBE143CA212B99E600C0A08E /* Project object */;
			proxyType = 1;
			remoteGlobalIDString = BBE143D1212B99E600C0A08E;
			remoteInfo = Parse;
		};
/* End PBXContainerItemProxy section */

/* Begin PBXFileReference section */
		179BB8FDEE82249968EFE46F /* Pods_ParseTests.framework */ = {isa = PBXFileReference; explicitFileType = wrapper.framework; includeInIndex = 0; path = Pods_ParseTests.framework; sourceTree = BUILT_PRODUCTS_DIR; };
		3D20F9C2D38637BF1EC04108 /* Pods-ParseUITests.release.xcconfig */ = {isa = PBXFileReference; includeInIndex = 1; lastKnownFileType = text.xcconfig; name = "Pods-ParseUITests.release.xcconfig"; path = "Pods/Target Support Files/Pods-ParseUITests/Pods-ParseUITests.release.xcconfig"; sourceTree = "<group>"; };
		3E8CDDC2725107DB6FDE2AE3 /* Pods_Parse.framework */ = {isa = PBXFileReference; explicitFileType = wrapper.framework; includeInIndex = 0; path = Pods_Parse.framework; sourceTree = BUILT_PRODUCTS_DIR; };
		778BA7B7E66FCEBD08135F60 /* Pods-Parse.release.xcconfig */ = {isa = PBXFileReference; includeInIndex = 1; lastKnownFileType = text.xcconfig; name = "Pods-Parse.release.xcconfig"; path = "Pods/Target Support Files/Pods-Parse/Pods-Parse.release.xcconfig"; sourceTree = "<group>"; };
		892DD84F451EE3AB40040294 /* Pods-ParseTests.debug.xcconfig */ = {isa = PBXFileReference; includeInIndex = 1; lastKnownFileType = text.xcconfig; name = "Pods-ParseTests.debug.xcconfig"; path = "Pods/Target Support Files/Pods-ParseTests/Pods-ParseTests.debug.xcconfig"; sourceTree = "<group>"; };
		BBCBD13A212B9C1500CDABC8 /* LoginViewController.swift */ = {isa = PBXFileReference; lastKnownFileType = sourcecode.swift; path = LoginViewController.swift; sourceTree = "<group>"; };
		BBE143D2212B99E600C0A08E /* Parse.app */ = {isa = PBXFileReference; explicitFileType = wrapper.application; includeInIndex = 0; path = Parse.app; sourceTree = BUILT_PRODUCTS_DIR; };
		BBE143D5212B99E600C0A08E /* AppDelegate.swift */ = {isa = PBXFileReference; lastKnownFileType = sourcecode.swift; path = AppDelegate.swift; sourceTree = "<group>"; };
		BBE143DA212B99E600C0A08E /* Base */ = {isa = PBXFileReference; lastKnownFileType = file.storyboard; name = Base; path = Base.lproj/Main.storyboard; sourceTree = "<group>"; };
		BBE143DC212B99E800C0A08E /* Assets.xcassets */ = {isa = PBXFileReference; lastKnownFileType = folder.assetcatalog; path = Assets.xcassets; sourceTree = "<group>"; };
		BBE143DF212B99E800C0A08E /* Base */ = {isa = PBXFileReference; lastKnownFileType = file.storyboard; name = Base; path = Base.lproj/LaunchScreen.storyboard; sourceTree = "<group>"; };
		BBE143E1212B99E800C0A08E /* Info.plist */ = {isa = PBXFileReference; lastKnownFileType = text.plist.xml; path = Info.plist; sourceTree = "<group>"; };
		BBE143E6212B99E800C0A08E /* ParseTests.xctest */ = {isa = PBXFileReference; explicitFileType = wrapper.cfbundle; includeInIndex = 0; path = ParseTests.xctest; sourceTree = BUILT_PRODUCTS_DIR; };
		BBE143EA212B99E800C0A08E /* ParseTests.swift */ = {isa = PBXFileReference; lastKnownFileType = sourcecode.swift; path = ParseTests.swift; sourceTree = "<group>"; };
		BBE143EC212B99E800C0A08E /* Info.plist */ = {isa = PBXFileReference; lastKnownFileType = text.plist.xml; path = Info.plist; sourceTree = "<group>"; };
		BBE143F1212B99E800C0A08E /* ParseUITests.xctest */ = {isa = PBXFileReference; explicitFileType = wrapper.cfbundle; includeInIndex = 0; path = ParseUITests.xctest; sourceTree = BUILT_PRODUCTS_DIR; };
		BBE143F5212B99E800C0A08E /* ParseUITests.swift */ = {isa = PBXFileReference; lastKnownFileType = sourcecode.swift; path = ParseUITests.swift; sourceTree = "<group>"; };
		BBE143F7212B99E800C0A08E /* Info.plist */ = {isa = PBXFileReference; lastKnownFileType = text.plist.xml; path = Info.plist; sourceTree = "<group>"; };
		BED944EC8ABC78FBE4FE704E /* Pods-ParseUITests.debug.xcconfig */ = {isa = PBXFileReference; includeInIndex = 1; lastKnownFileType = text.xcconfig; name = "Pods-ParseUITests.debug.xcconfig"; path = "Pods/Target Support Files/Pods-ParseUITests/Pods-ParseUITests.debug.xcconfig"; sourceTree = "<group>"; };
		C5784FBD525E768D79AEB2A8 /* Pods-Parse.debug.xcconfig */ = {isa = PBXFileReference; includeInIndex = 1; lastKnownFileType = text.xcconfig; name = "Pods-Parse.debug.xcconfig"; path = "Pods/Target Support Files/Pods-Parse/Pods-Parse.debug.xcconfig"; sourceTree = "<group>"; };
		C6BFA758E306EBBF797426B9 /* Pods-ParseTests.release.xcconfig */ = {isa = PBXFileReference; includeInIndex = 1; lastKnownFileType = text.xcconfig; name = "Pods-ParseTests.release.xcconfig"; path = "Pods/Target Support Files/Pods-ParseTests/Pods-ParseTests.release.xcconfig"; sourceTree = "<group>"; };
		F8E07CCBF9541F48E711AE71 /* Pods_ParseUITests.framework */ = {isa = PBXFileReference; explicitFileType = wrapper.framework; includeInIndex = 0; path = Pods_ParseUITests.framework; sourceTree = BUILT_PRODUCTS_DIR; };
/* End PBXFileReference section */

/* Begin PBXFrameworksBuildPhase section */
		BBE143CF212B99E600C0A08E /* Frameworks */ = {
			isa = PBXFrameworksBuildPhase;
			buildActionMask = 2147483647;
			files = (
				06044AB36992DE993139615D /* Pods_Parse.framework in Frameworks */,
			);
			runOnlyForDeploymentPostprocessing = 0;
		};
		BBE143E3212B99E800C0A08E /* Frameworks */ = {
			isa = PBXFrameworksBuildPhase;
			buildActionMask = 2147483647;
			files = (
				9A914E838919C0C099126116 /* Pods_ParseTests.framework in Frameworks */,
			);
			runOnlyForDeploymentPostprocessing = 0;
		};
		BBE143EE212B99E800C0A08E /* Frameworks */ = {
			isa = PBXFrameworksBuildPhase;
			buildActionMask = 2147483647;
			files = (
				28D766FFA01326E7D4B03818 /* Pods_ParseUITests.framework in Frameworks */,
			);
			runOnlyForDeploymentPostprocessing = 0;
		};
/* End PBXFrameworksBuildPhase section */

/* Begin PBXGroup section */
		0283CCC66C92BC272E927F31 /* Frameworks */ = {
			isa = PBXGroup;
			children = (
				3E8CDDC2725107DB6FDE2AE3 /* Pods_Parse.framework */,
				179BB8FDEE82249968EFE46F /* Pods_ParseTests.framework */,
				F8E07CCBF9541F48E711AE71 /* Pods_ParseUITests.framework */,
			);
			name = Frameworks;
			sourceTree = "<group>";
		};
		BBE143C9212B99E600C0A08E = {
			isa = PBXGroup;
			children = (
				BBE143D4212B99E600C0A08E /* Parse */,
				BBE143E9212B99E800C0A08E /* ParseTests */,
				BBE143F4212B99E800C0A08E /* ParseUITests */,
				BBE143D3212B99E600C0A08E /* Products */,
				C4ED1FC83BC2D5AE9CB5A881 /* Pods */,
				0283CCC66C92BC272E927F31 /* Frameworks */,
			);
			sourceTree = "<group>";
		};
		BBE143D3212B99E600C0A08E /* Products */ = {
			isa = PBXGroup;
			children = (
				BBE143D2212B99E600C0A08E /* Parse.app */,
				BBE143E6212B99E800C0A08E /* ParseTests.xctest */,
				BBE143F1212B99E800C0A08E /* ParseUITests.xctest */,
			);
			name = Products;
			sourceTree = "<group>";
		};
		BBE143D4212B99E600C0A08E /* Parse */ = {
			isa = PBXGroup;
			children = (
				BBE143D5212B99E600C0A08E /* AppDelegate.swift */,
				BBE143D9212B99E600C0A08E /* Main.storyboard */,
				BBE143DC212B99E800C0A08E /* Assets.xcassets */,
				BBE143DE212B99E800C0A08E /* LaunchScreen.storyboard */,
				BBE143E1212B99E800C0A08E /* Info.plist */,
				BBCBD13A212B9C1500CDABC8 /* LoginViewController.swift */,
			);
			path = Parse;
			sourceTree = "<group>";
		};
		BBE143E9212B99E800C0A08E /* ParseTests */ = {
			isa = PBXGroup;
			children = (
				BBE143EA212B99E800C0A08E /* ParseTests.swift */,
				BBE143EC212B99E800C0A08E /* Info.plist */,
			);
			path = ParseTests;
			sourceTree = "<group>";
		};
		BBE143F4212B99E800C0A08E /* ParseUITests */ = {
			isa = PBXGroup;
			children = (
				BBE143F5212B99E800C0A08E /* ParseUITests.swift */,
				BBE143F7212B99E800C0A08E /* Info.plist */,
			);
			path = ParseUITests;
			sourceTree = "<group>";
		};
		C4ED1FC83BC2D5AE9CB5A881 /* Pods */ = {
			isa = PBXGroup;
			children = (
				C5784FBD525E768D79AEB2A8 /* Pods-Parse.debug.xcconfig */,
				778BA7B7E66FCEBD08135F60 /* Pods-Parse.release.xcconfig */,
				892DD84F451EE3AB40040294 /* Pods-ParseTests.debug.xcconfig */,
				C6BFA758E306EBBF797426B9 /* Pods-ParseTests.release.xcconfig */,
				BED944EC8ABC78FBE4FE704E /* Pods-ParseUITests.debug.xcconfig */,
				3D20F9C2D38637BF1EC04108 /* Pods-ParseUITests.release.xcconfig */,
			);
			name = Pods;
			sourceTree = "<group>";
		};
/* End PBXGroup section */

/* Begin PBXNativeTarget section */
		BBE143D1212B99E600C0A08E /* Parse */ = {
			isa = PBXNativeTarget;
			buildConfigurationList = BBE143FA212B99E800C0A08E /* Build configuration list for PBXNativeTarget "Parse" */;
			buildPhases = (
				BA28D848BDCE8E61E01F8AE6 /* [CP] Check Pods Manifest.lock */,
				BBE143CE212B99E600C0A08E /* Sources */,
				BBE143CF212B99E600C0A08E /* Frameworks */,
				BBE143D0212B99E600C0A08E /* Resources */,
				30A27433FF390F7BF9C16004 /* [CP] Embed Pods Frameworks */,
			);
			buildRules = (
			);
			dependencies = (
			);
			name = Parse;
			productName = Parse;
			productReference = BBE143D2212B99E600C0A08E /* Parse.app */;
			productType = "com.apple.product-type.application";
		};
		BBE143E5212B99E800C0A08E /* ParseTests */ = {
			isa = PBXNativeTarget;
			buildConfigurationList = BBE143FD212B99E800C0A08E /* Build configuration list for PBXNativeTarget "ParseTests" */;
			buildPhases = (
				8F07ACF3DCCA2FB3475215AD /* [CP] Check Pods Manifest.lock */,
				BBE143E2212B99E800C0A08E /* Sources */,
				BBE143E3212B99E800C0A08E /* Frameworks */,
				BBE143E4212B99E800C0A08E /* Resources */,
			);
			buildRules = (
			);
			dependencies = (
				BBE143E8212B99E800C0A08E /* PBXTargetDependency */,
			);
			name = ParseTests;
			productName = ParseTests;
			productReference = BBE143E6212B99E800C0A08E /* ParseTests.xctest */;
			productType = "com.apple.product-type.bundle.unit-test";
		};
		BBE143F0212B99E800C0A08E /* ParseUITests */ = {
			isa = PBXNativeTarget;
			buildConfigurationList = BBE14400212B99E800C0A08E /* Build configuration list for PBXNativeTarget "ParseUITests" */;
			buildPhases = (
				3D0044CF02F659D20A7C5A1B /* [CP] Check Pods Manifest.lock */,
				BBE143ED212B99E800C0A08E /* Sources */,
				BBE143EE212B99E800C0A08E /* Frameworks */,
				BBE143EF212B99E800C0A08E /* Resources */,
			);
			buildRules = (
			);
			dependencies = (
				BBE143F3212B99E800C0A08E /* PBXTargetDependency */,
			);
			name = ParseUITests;
			productName = ParseUITests;
			productReference = BBE143F1212B99E800C0A08E /* ParseUITests.xctest */;
			productType = "com.apple.product-type.bundle.ui-testing";
		};
/* End PBXNativeTarget section */

/* Begin PBXProject section */
		BBE143CA212B99E600C0A08E /* Project object */ = {
			isa = PBXProject;
			attributes = {
				LastSwiftUpdateCheck = 0940;
				LastUpgradeCheck = 0940;
				ORGANIZATIONNAME = "Rajeev Ram";
				TargetAttributes = {
					BBE143D1212B99E600C0A08E = {
						CreatedOnToolsVersion = 9.4.1;
					};
					BBE143E5212B99E800C0A08E = {
						CreatedOnToolsVersion = 9.4.1;
						TestTargetID = BBE143D1212B99E600C0A08E;
					};
					BBE143F0212B99E800C0A08E = {
						CreatedOnToolsVersion = 9.4.1;
						TestTargetID = BBE143D1212B99E600C0A08E;
					};
				};
			};
			buildConfigurationList = BBE143CD212B99E600C0A08E /* Build configuration list for PBXProject "Parse" */;
			compatibilityVersion = "Xcode 9.3";
			developmentRegion = en;
			hasScannedForEncodings = 0;
			knownRegions = (
				en,
				Base,
			);
			mainGroup = BBE143C9212B99E600C0A08E;
			productRefGroup = BBE143D3212B99E600C0A08E /* Products */;
			projectDirPath = "";
			projectRoot = "";
			targets = (
				BBE143D1212B99E600C0A08E /* Parse */,
				BBE143E5212B99E800C0A08E /* ParseTests */,
				BBE143F0212B99E800C0A08E /* ParseUITests */,
			);
		};
/* End PBXProject section */

/* Begin PBXResourcesBuildPhase section */
		BBE143D0212B99E600C0A08E /* Resources */ = {
			isa = PBXResourcesBuildPhase;
			buildActionMask = 2147483647;
			files = (
				BBE143E0212B99E800C0A08E /* LaunchScreen.storyboard in Resources */,
				BBE143DD212B99E800C0A08E /* Assets.xcassets in Resources */,
				BBE143DB212B99E600C0A08E /* Main.storyboard in Resources */,
			);
			runOnlyForDeploymentPostprocessing = 0;
		};
		BBE143E4212B99E800C0A08E /* Resources */ = {
			isa = PBXResourcesBuildPhase;
			buildActionMask = 2147483647;
			files = (
			);
			runOnlyForDeploymentPostprocessing = 0;
		};
		BBE143EF212B99E800C0A08E /* Resources */ = {
			isa = PBXResourcesBuildPhase;
			buildActionMask = 2147483647;
			files = (
			);
			runOnlyForDeploymentPostprocessing = 0;
		};
/* End PBXResourcesBuildPhase section */

/* Begin PBXShellScriptBuildPhase section */
		30A27433FF390F7BF9C16004 /* [CP] Embed Pods Frameworks */ = {
			isa = PBXShellScriptBuildPhase;
			buildActionMask = 2147483647;
			files = (
			);
			inputPaths = (
				"${SRCROOT}/Pods/Target Support Files/Pods-Parse/Pods-Parse-frameworks.sh",
				"${BUILT_PRODUCTS_DIR}/Bolts/Bolts.framework",
				"${BUILT_PRODUCTS_DIR}/Parse/Parse.framework",
			);
			name = "[CP] Embed Pods Frameworks";
			outputPaths = (
				"${TARGET_BUILD_DIR}/${FRAMEWORKS_FOLDER_PATH}/Bolts.framework",
				"${TARGET_BUILD_DIR}/${FRAMEWORKS_FOLDER_PATH}/Parse.framework",
			);
			runOnlyForDeploymentPostprocessing = 0;
			shellPath = /bin/sh;
			shellScript = "\"${SRCROOT}/Pods/Target Support Files/Pods-Parse/Pods-Parse-frameworks.sh\"\n";
			showEnvVarsInLog = 0;
		};
		3D0044CF02F659D20A7C5A1B /* [CP] Check Pods Manifest.lock */ = {
			isa = PBXShellScriptBuildPhase;
			buildActionMask = 2147483647;
			files = (
			);
			inputPaths = (
				"${PODS_PODFILE_DIR_PATH}/Podfile.lock",
				"${PODS_ROOT}/Manifest.lock",
			);
			name = "[CP] Check Pods Manifest.lock";
			outputPaths = (
				"$(DERIVED_FILE_DIR)/Pods-ParseUITests-checkManifestLockResult.txt",
			);
			runOnlyForDeploymentPostprocessing = 0;
			shellPath = /bin/sh;
			shellScript = "diff \"${PODS_PODFILE_DIR_PATH}/Podfile.lock\" \"${PODS_ROOT}/Manifest.lock\" > /dev/null\nif [ $? != 0 ] ; then\n    # print error to STDERR\n    echo \"error: The sandbox is not in sync with the Podfile.lock. Run 'pod install' or update your CocoaPods installation.\" >&2\n    exit 1\nfi\n# This output is used by Xcode 'outputs' to avoid re-running this script phase.\necho \"SUCCESS\" > \"${SCRIPT_OUTPUT_FILE_0}\"\n";
			showEnvVarsInLog = 0;
		};
		8F07ACF3DCCA2FB3475215AD /* [CP] Check Pods Manifest.lock */ = {
			isa = PBXShellScriptBuildPhase;
			buildActionMask = 2147483647;
			files = (
			);
			inputPaths = (
				"${PODS_PODFILE_DIR_PATH}/Podfile.lock",
				"${PODS_ROOT}/Manifest.lock",
			);
			name = "[CP] Check Pods Manifest.lock";
			outputPaths = (
				"$(DERIVED_FILE_DIR)/Pods-ParseTests-checkManifestLockResult.txt",
			);
			runOnlyForDeploymentPostprocessing = 0;
			shellPath = /bin/sh;
			shellScript = "diff \"${PODS_PODFILE_DIR_PATH}/Podfile.lock\" \"${PODS_ROOT}/Manifest.lock\" > /dev/null\nif [ $? != 0 ] ; then\n    # print error to STDERR\n    echo \"error: The sandbox is not in sync with the Podfile.lock. Run 'pod install' or update your CocoaPods installation.\" >&2\n    exit 1\nfi\n# This output is used by Xcode 'outputs' to avoid re-running this script phase.\necho \"SUCCESS\" > \"${SCRIPT_OUTPUT_FILE_0}\"\n";
			showEnvVarsInLog = 0;
		};
		BA28D848BDCE8E61E01F8AE6 /* [CP] Check Pods Manifest.lock */ = {
			isa = PBXShellScriptBuildPhase;
			buildActionMask = 2147483647;
			files = (
			);
			inputPaths = (
				"${PODS_PODFILE_DIR_PATH}/Podfile.lock",
				"${PODS_ROOT}/Manifest.lock",
			);
			name = "[CP] Check Pods Manifest.lock";
			outputPaths = (
				"$(DERIVED_FILE_DIR)/Pods-Parse-checkManifestLockResult.txt",
			);
			runOnlyForDeploymentPostprocessing = 0;
			shellPath = /bin/sh;
			shellScript = "diff \"${PODS_PODFILE_DIR_PATH}/Podfile.lock\" \"${PODS_ROOT}/Manifest.lock\" > /dev/null\nif [ $? != 0 ] ; then\n    # print error to STDERR\n    echo \"error: The sandbox is not in sync with the Podfile.lock. Run 'pod install' or update your CocoaPods installation.\" >&2\n    exit 1\nfi\n# This output is used by Xcode 'outputs' to avoid re-running this script phase.\necho \"SUCCESS\" > \"${SCRIPT_OUTPUT_FILE_0}\"\n";
			showEnvVarsInLog = 0;
		};
/* End PBXShellScriptBuildPhase section */

/* Begin PBXSourcesBuildPhase section */
		BBE143CE212B99E600C0A08E /* Sources */ = {
			isa = PBXSourcesBuildPhase;
			buildActionMask = 2147483647;
			files = (
				BBCBD13B212B9C1500CDABC8 /* LoginViewController.swift in Sources */,
				BBE143D6212B99E600C0A08E /* AppDelegate.swift in Sources */,
			);
			runOnlyForDeploymentPostprocessing = 0;
		};
		BBE143E2212B99E800C0A08E /* Sources */ = {
			isa = PBXSourcesBuildPhase;
			buildActionMask = 2147483647;
			files = (
				BBE143EB212B99E800C0A08E /* ParseTests.swift in Sources */,
			);
			runOnlyForDeploymentPostprocessing = 0;
		};
		BBE143ED212B99E800C0A08E /* Sources */ = {
			isa = PBXSourcesBuildPhase;
			buildActionMask = 2147483647;
			files = (
				BBE143F6212B99E800C0A08E /* ParseUITests.swift in Sources */,
			);
			runOnlyForDeploymentPostprocessing = 0;
		};
/* End PBXSourcesBuildPhase section */

/* Begin PBXTargetDependency section */
		BBE143E8212B99E800C0A08E /* PBXTargetDependency */ = {
			isa = PBXTargetDependency;
			target = BBE143D1212B99E600C0A08E /* Parse */;
			targetProxy = BBE143E7212B99E800C0A08E /* PBXContainerItemProxy */;
		};
		BBE143F3212B99E800C0A08E /* PBXTargetDependency */ = {
			isa = PBXTargetDependency;
			target = BBE143D1212B99E600C0A08E /* Parse */;
			targetProxy = BBE143F2212B99E800C0A08E /* PBXContainerItemProxy */;
		};
/* End PBXTargetDependency section */

/* Begin PBXVariantGroup section */
		BBE143D9212B99E600C0A08E /* Main.storyboard */ = {
			isa = PBXVariantGroup;
			children = (
				BBE143DA212B99E600C0A08E /* Base */,
			);
			name = Main.storyboard;
			sourceTree = "<group>";
		};
		BBE143DE212B99E800C0A08E /* LaunchScreen.storyboard */ = {
			isa = PBXVariantGroup;
			children = (
				BBE143DF212B99E800C0A08E /* Base */,
			);
			name = LaunchScreen.storyboard;
			sourceTree = "<group>";
		};
/* End PBXVariantGroup section */

/* Begin XCBuildConfiguration section */
		BBE143F8212B99E800C0A08E /* Debug */ = {
			isa = XCBuildConfiguration;
			buildSettings = {
				ALWAYS_SEARCH_USER_PATHS = NO;
				CLANG_ANALYZER_NONNULL = YES;
				CLANG_ANALYZER_NUMBER_OBJECT_CONVERSION = YES_AGGRESSIVE;
				CLANG_CXX_LANGUAGE_STANDARD = "gnu++14";
				CLANG_CXX_LIBRARY = "libc++";
				CLANG_ENABLE_MODULES = YES;
				CLANG_ENABLE_OBJC_ARC = YES;
				CLANG_ENABLE_OBJC_WEAK = YES;
				CLANG_WARN_BLOCK_CAPTURE_AUTORELEASING = YES;
				CLANG_WARN_BOOL_CONVERSION = YES;
				CLANG_WARN_COMMA = YES;
				CLANG_WARN_CONSTANT_CONVERSION = YES;
				CLANG_WARN_DEPRECATED_OBJC_IMPLEMENTATIONS = YES;
				CLANG_WARN_DIRECT_OBJC_ISA_USAGE = YES_ERROR;
				CLANG_WARN_DOCUMENTATION_COMMENTS = YES;
				CLANG_WARN_EMPTY_BODY = YES;
				CLANG_WARN_ENUM_CONVERSION = YES;
				CLANG_WARN_INFINITE_RECURSION = YES;
				CLANG_WARN_INT_CONVERSION = YES;
				CLANG_WARN_NON_LITERAL_NULL_CONVERSION = YES;
				CLANG_WARN_OBJC_IMPLICIT_RETAIN_SELF = YES;
				CLANG_WARN_OBJC_LITERAL_CONVERSION = YES;
				CLANG_WARN_OBJC_ROOT_CLASS = YES_ERROR;
				CLANG_WARN_RANGE_LOOP_ANALYSIS = YES;
				CLANG_WARN_STRICT_PROTOTYPES = YES;
				CLANG_WARN_SUSPICIOUS_MOVE = YES;
				CLANG_WARN_UNGUARDED_AVAILABILITY = YES_AGGRESSIVE;
				CLANG_WARN_UNREACHABLE_CODE = YES;
				CLANG_WARN__DUPLICATE_METHOD_MATCH = YES;
				CODE_SIGN_IDENTITY = "iPhone Developer";
				COPY_PHASE_STRIP = NO;
				DEBUG_INFORMATION_FORMAT = dwarf;
				ENABLE_STRICT_OBJC_MSGSEND = YES;
				ENABLE_TESTABILITY = YES;
				GCC_C_LANGUAGE_STANDARD = gnu11;
				GCC_DYNAMIC_NO_PIC = NO;
				GCC_NO_COMMON_BLOCKS = YES;
				GCC_OPTIMIZATION_LEVEL = 0;
				GCC_PREPROCESSOR_DEFINITIONS = (
					"DEBUG=1",
					"$(inherited)",
				);
				GCC_WARN_64_TO_32_BIT_CONVERSION = YES;
				GCC_WARN_ABOUT_RETURN_TYPE = YES_ERROR;
				GCC_WARN_UNDECLARED_SELECTOR = YES;
				GCC_WARN_UNINITIALIZED_AUTOS = YES_AGGRESSIVE;
				GCC_WARN_UNUSED_FUNCTION = YES;
				GCC_WARN_UNUSED_VARIABLE = YES;
				IPHONEOS_DEPLOYMENT_TARGET = 11.4;
				MTL_ENABLE_DEBUG_INFO = YES;
				ONLY_ACTIVE_ARCH = YES;
				SDKROOT = iphoneos;
				SWIFT_ACTIVE_COMPILATION_CONDITIONS = DEBUG;
				SWIFT_OPTIMIZATION_LEVEL = "-Onone";
			};
			name = Debug;
		};
		BBE143F9212B99E800C0A08E /* Release */ = {
			isa = XCBuildConfiguration;
			buildSettings = {
				ALWAYS_SEARCH_USER_PATHS = NO;
				CLANG_ANALYZER_NONNULL = YES;
				CLANG_ANALYZER_NUMBER_OBJECT_CONVERSION = YES_AGGRESSIVE;
				CLANG_CXX_LANGUAGE_STANDARD = "gnu++14";
				CLANG_CXX_LIBRARY = "libc++";
				CLANG_ENABLE_MODULES = YES;
				CLANG_ENABLE_OBJC_ARC = YES;
				CLANG_ENABLE_OBJC_WEAK = YES;
				CLANG_WARN_BLOCK_CAPTURE_AUTORELEASING = YES;
				CLANG_WARN_BOOL_CONVERSION = YES;
				CLANG_WARN_COMMA = YES;
				CLANG_WARN_CONSTANT_CONVERSION = YES;
				CLANG_WARN_DEPRECATED_OBJC_IMPLEMENTATIONS = YES;
				CLANG_WARN_DIRECT_OBJC_ISA_USAGE = YES_ERROR;
				CLANG_WARN_DOCUMENTATION_COMMENTS = YES;
				CLANG_WARN_EMPTY_BODY = YES;
				CLANG_WARN_ENUM_CONVERSION = YES;
				CLANG_WARN_INFINITE_RECURSION = YES;
				CLANG_WARN_INT_CONVERSION = YES;
				CLANG_WARN_NON_LITERAL_NULL_CONVERSION = YES;
				CLANG_WARN_OBJC_IMPLICIT_RETAIN_SELF = YES;
				CLANG_WARN_OBJC_LITERAL_CONVERSION = YES;
				CLANG_WARN_OBJC_ROOT_CLASS = YES_ERROR;
				CLANG_WARN_RANGE_LOOP_ANALYSIS = YES;
				CLANG_WARN_STRICT_PROTOTYPES = YES;
				CLANG_WARN_SUSPICIOUS_MOVE = YES;
				CLANG_WARN_UNGUARDED_AVAILABILITY = YES_AGGRESSIVE;
				CLANG_WARN_UNREACHABLE_CODE = YES;
				CLANG_WARN__DUPLICATE_METHOD_MATCH = YES;
				CODE_SIGN_IDENTITY = "iPhone Developer";
				COPY_PHASE_STRIP = NO;
				DEBUG_INFORMATION_FORMAT = "dwarf-with-dsym";
				ENABLE_NS_ASSERTIONS = NO;
				ENABLE_STRICT_OBJC_MSGSEND = YES;
				GCC_C_LANGUAGE_STANDARD = gnu11;
				GCC_NO_COMMON_BLOCKS = YES;
				GCC_WARN_64_TO_32_BIT_CONVERSION = YES;
				GCC_WARN_ABOUT_RETURN_TYPE = YES_ERROR;
				GCC_WARN_UNDECLARED_SELECTOR = YES;
				GCC_WARN_UNINITIALIZED_AUTOS = YES_AGGRESSIVE;
				GCC_WARN_UNUSED_FUNCTION = YES;
				GCC_WARN_UNUSED_VARIABLE = YES;
				IPHONEOS_DEPLOYMENT_TARGET = 11.4;
				MTL_ENABLE_DEBUG_INFO = NO;
				SDKROOT = iphoneos;
				SWIFT_COMPILATION_MODE = wholemodule;
				SWIFT_OPTIMIZATION_LEVEL = "-O";
				VALIDATE_PRODUCT = YES;
			};
			name = Release;
		};
		BBE143FB212B99E800C0A08E /* Debug */ = {
			isa = XCBuildConfiguration;
			baseConfigurationReference = C5784FBD525E768D79AEB2A8 /* Pods-Parse.debug.xcconfig */;
			buildSettings = {
				ASSETCATALOG_COMPILER_APPICON_NAME = AppIcon;
				CODE_SIGN_STYLE = Automatic;
				INFOPLIST_FILE = Parse/Info.plist;
				LD_RUNPATH_SEARCH_PATHS = (
					"$(inherited)",
					"@executable_path/Frameworks",
				);
				PRODUCT_BUNDLE_IDENTIFIER = com.rajeevram.Parse;
				PRODUCT_NAME = "$(TARGET_NAME)";
				SWIFT_VERSION = 4.0;
				TARGETED_DEVICE_FAMILY = "1,2";
			};
			name = Debug;
		};
		BBE143FC212B99E800C0A08E /* Release */ = {
			isa = XCBuildConfiguration;
			baseConfigurationReference = 778BA7B7E66FCEBD08135F60 /* Pods-Parse.release.xcconfig */;
			buildSettings = {
				ASSETCATALOG_COMPILER_APPICON_NAME = AppIcon;
				CODE_SIGN_STYLE = Automatic;
				INFOPLIST_FILE = Parse/Info.plist;
				LD_RUNPATH_SEARCH_PATHS = (
					"$(inherited)",
					"@executable_path/Frameworks",
				);
				PRODUCT_BUNDLE_IDENTIFIER = com.rajeevram.Parse;
				PRODUCT_NAME = "$(TARGET_NAME)";
				SWIFT_VERSION = 4.0;
				TARGETED_DEVICE_FAMILY = "1,2";
			};
			name = Release;
		};
		BBE143FE212B99E800C0A08E /* Debug */ = {
			isa = XCBuildConfiguration;
			baseConfigurationReference = 892DD84F451EE3AB40040294 /* Pods-ParseTests.debug.xcconfig */;
			buildSettings = {
				ALWAYS_EMBED_SWIFT_STANDARD_LIBRARIES = YES;
				BUNDLE_LOADER = "$(TEST_HOST)";
				CODE_SIGN_STYLE = Automatic;
				INFOPLIST_FILE = ParseTests/Info.plist;
				LD_RUNPATH_SEARCH_PATHS = (
					"$(inherited)",
					"@executable_path/Frameworks",
					"@loader_path/Frameworks",
				);
				PRODUCT_BUNDLE_IDENTIFIER = com.rajeevram.ParseTests;
				PRODUCT_NAME = "$(TARGET_NAME)";
				SWIFT_VERSION = 4.0;
				TARGETED_DEVICE_FAMILY = "1,2";
				TEST_HOST = "$(BUILT_PRODUCTS_DIR)/Parse.app/Parse";
			};
			name = Debug;
		};
		BBE143FF212B99E800C0A08E /* Release */ = {
			isa = XCBuildConfiguration;
			baseConfigurationReference = C6BFA758E306EBBF797426B9 /* Pods-ParseTests.release.xcconfig */;
			buildSettings = {
				ALWAYS_EMBED_SWIFT_STANDARD_LIBRARIES = YES;
				BUNDLE_LOADER = "$(TEST_HOST)";
				CODE_SIGN_STYLE = Automatic;
				INFOPLIST_FILE = ParseTests/Info.plist;
				LD_RUNPATH_SEARCH_PATHS = (
					"$(inherited)",
					"@executable_path/Frameworks",
					"@loader_path/Frameworks",
				);
				PRODUCT_BUNDLE_IDENTIFIER = com.rajeevram.ParseTests;
				PRODUCT_NAME = "$(TARGET_NAME)";
				SWIFT_VERSION = 4.0;
				TARGETED_DEVICE_FAMILY = "1,2";
				TEST_HOST = "$(BUILT_PRODUCTS_DIR)/Parse.app/Parse";
			};
			name = Release;
		};
		BBE14401212B99E800C0A08E /* Debug */ = {
			isa = XCBuildConfiguration;
			baseConfigurationReference = BED944EC8ABC78FBE4FE704E /* Pods-ParseUITests.debug.xcconfig */;
			buildSettings = {
				ALWAYS_EMBED_SWIFT_STANDARD_LIBRARIES = YES;
				CODE_SIGN_STYLE = Automatic;
				INFOPLIST_FILE = ParseUITests/Info.plist;
				LD_RUNPATH_SEARCH_PATHS = (
					"$(inherited)",
					"@executable_path/Frameworks",
					"@loader_path/Frameworks",
				);
				PRODUCT_BUNDLE_IDENTIFIER = com.rajeevram.ParseUITests;
				PRODUCT_NAME = "$(TARGET_NAME)";
				SWIFT_VERSION = 4.0;
				TARGETED_DEVICE_FAMILY = "1,2";
				TEST_TARGET_NAME = Parse;
			};
			name = Debug;
		};
		BBE14402212B99E800C0A08E /* Release */ = {
			isa = XCBuildConfiguration;
			baseConfigurationReference = 3D20F9C2D38637BF1EC04108 /* Pods-ParseUITests.release.xcconfig */;
			buildSettings = {
				ALWAYS_EMBED_SWIFT_STANDARD_LIBRARIES = YES;
				CODE_SIGN_STYLE = Automatic;
				INFOPLIST_FILE = ParseUITests/Info.plist;
				LD_RUNPATH_SEARCH_PATHS = (
					"$(inherited)",
					"@executable_path/Frameworks",
					"@loader_path/Frameworks",
				);
				PRODUCT_BUNDLE_IDENTIFIER = com.rajeevram.ParseUITests;
				PRODUCT_NAME = "$(TARGET_NAME)";
				SWIFT_VERSION = 4.0;
				TARGETED_DEVICE_FAMILY = "1,2";
				TEST_TARGET_NAME = Parse;
			};
			name = Release;
		};
/* End XCBuildConfiguration section */

/* Begin XCConfigurationList section */
		BBE143CD212B99E600C0A08E /* Build configuration list for PBXProject "Parse" */ = {
			isa = XCConfigurationList;
			buildConfigurations = (
				BBE143F8212B99E800C0A08E /* Debug */,
				BBE143F9212B99E800C0A08E /* Release */,
			);
			defaultConfigurationIsVisible = 0;
			defaultConfigurationName = Release;
		};
		BBE143FA212B99E800C0A08E /* Build configuration list for PBXNativeTarget "Parse" */ = {
			isa = XCConfigurationList;
			buildConfigurations = (
				BBE143FB212B99E800C0A08E /* Debug */,
				BBE143FC212B99E800C0A08E /* Release */,
			);
			defaultConfigurationIsVisible = 0;
			defaultConfigurationName = Release;
		};
		BBE143FD212B99E800C0A08E /* Build configuration list for PBXNativeTarget "ParseTests" */ = {
			isa = XCConfigurationList;
			buildConfigurations = (
				BBE143FE212B99E800C0A08E /* Debug */,
				BBE143FF212B99E800C0A08E /* Release */,
			);
			defaultConfigurationIsVisible = 0;
			defaultConfigurationName = Release;
		};
		BBE14400212B99E800C0A08E /* Build configuration list for PBXNativeTarget "ParseUITests" */ = {
			isa = XCConfigurationList;
			buildConfigurations = (
				BBE14401212B99E800C0A08E /* Debug */,
				BBE14402212B99E800C0A08E /* Release */,
			);
			defaultConfigurationIsVisible = 0;
			defaultConfigurationName = Release;
		};
/* End XCConfigurationList section */
	};
	rootObject = BBE143CA212B99E600C0A08E /* Project object */;
}
